// !$*UTF8*$!
{
	archiveVersion = 1;
	classes = {
	};
	objectVersion = 46;
	objects = {

/* Begin PBXBuildFile section */
		B6D2F3FC1A1AECF4009F37DB /* AppDelegate.swift in Sources */ = {isa = PBXBuildFile; fileRef = B6D2F3FB1A1AECF4009F37DB /* AppDelegate.swift */; };
		B6D2F3FE1A1AECF4009F37DB /* ViewController.swift in Sources */ = {isa = PBXBuildFile; fileRef = B6D2F3FD1A1AECF4009F37DB /* ViewController.swift */; };
		B6D2F4011A1AECF4009F37DB /* Main.storyboard in Resources */ = {isa = PBXBuildFile; fileRef = B6D2F3FF1A1AECF4009F37DB /* Main.storyboard */; };
		B6D2F4031A1AECF4009F37DB /* Images.xcassets in Resources */ = {isa = PBXBuildFile; fileRef = B6D2F4021A1AECF4009F37DB /* Images.xcassets */; };
		B6D2F4061A1AECF4009F37DB /* LaunchScreen.xib in Resources */ = {isa = PBXBuildFile; fileRef = B6D2F4041A1AECF4009F37DB /* LaunchScreen.xib */; };
		B6D2F4121A1AECF4009F37DB /* Assignment5Tests.swift in Sources */ = {isa = PBXBuildFile; fileRef = B6D2F4111A1AECF4009F37DB /* Assignment5Tests.swift */; };
		B6D2F41C1A1AEDA8009F37DB /* TabBarViewController.swift in Sources */ = {isa = PBXBuildFile; fileRef = B6D2F41B1A1AEDA8009F37DB /* TabBarViewController.swift */; };
		B6D2F41E1A1AF00D009F37DB /* HomeViewController.swift in Sources */ = {isa = PBXBuildFile; fileRef = B6D2F41D1A1AF00D009F37DB /* HomeViewController.swift */; };
		B6D2F4201A1AF014009F37DB /* SearchViewController.swift in Sources */ = {isa = PBXBuildFile; fileRef = B6D2F41F1A1AF014009F37DB /* SearchViewController.swift */; };
		B6D2F4221A1AF01D009F37DB /* AccountViewController.swift in Sources */ = {isa = PBXBuildFile; fileRef = B6D2F4211A1AF01D009F37DB /* AccountViewController.swift */; };
		B6D2F4241A1AF025009F37DB /* TrendingViewController.swift in Sources */ = {isa = PBXBuildFile; fileRef = B6D2F4231A1AF025009F37DB /* TrendingViewController.swift */; };
		B6D2F4261A1B03FE009F37DB /* ComposeViewController.swift in Sources */ = {isa = PBXBuildFile; fileRef = B6D2F4251A1B03FE009F37DB /* ComposeViewController.swift */; };
/* End PBXBuildFile section */

/* Begin PBXContainerItemProxy section */
		B6D2F40C1A1AECF4009F37DB /* PBXContainerItemProxy */ = {
			isa = PBXContainerItemProxy;
			containerPortal = B6D2F3EE1A1AECF4009F37DB /* Project object */;
			proxyType = 1;
			remoteGlobalIDString = B6D2F3F51A1AECF4009F37DB;
			remoteInfo = Assignment5;
		};
/* End PBXContainerItemProxy section */

/* Begin PBXFileReference section */
		B6D2F3F61A1AECF4009F37DB /* Assignment5.app */ = {isa = PBXFileReference; explicitFileType = wrapper.application; includeInIndex = 0; path = Assignment5.app; sourceTree = BUILT_PRODUCTS_DIR; };
		B6D2F3FA1A1AECF4009F37DB /* Info.plist */ = {isa = PBXFileReference; lastKnownFileType = text.plist.xml; path = Info.plist; sourceTree = "<group>"; };
		B6D2F3FB1A1AECF4009F37DB /* AppDelegate.swift */ = {isa = PBXFileReference; lastKnownFileType = sourcecode.swift; path = AppDelegate.swift; sourceTree = "<group>"; };
		B6D2F3FD1A1AECF4009F37DB /* ViewController.swift */ = {isa = PBXFileReference; lastKnownFileType = sourcecode.swift; path = ViewController.swift; sourceTree = "<group>"; };
		B6D2F4001A1AECF4009F37DB /* Base */ = {isa = PBXFileReference; lastKnownFileType = file.storyboard; name = Base; path = Base.lproj/Main.storyboard; sourceTree = "<group>"; };
		B6D2F4021A1AECF4009F37DB /* Images.xcassets */ = {isa = PBXFileReference; lastKnownFileType = folder.assetcatalog; path = Images.xcassets; sourceTree = "<group>"; };
		B6D2F4051A1AECF4009F37DB /* Base */ = {isa = PBXFileReference; lastKnownFileType = file.xib; name = Base; path = Base.lproj/LaunchScreen.xib; sourceTree = "<group>"; };
		B6D2F40B1A1AECF4009F37DB /* Assignment5Tests.xctest */ = {isa = PBXFileReference; explicitFileType = wrapper.cfbundle; includeInIndex = 0; path = Assignment5Tests.xctest; sourceTree = BUILT_PRODUCTS_DIR; };
		B6D2F4101A1AECF4009F37DB /* Info.plist */ = {isa = PBXFileReference; lastKnownFileType = text.plist.xml; path = Info.plist; sourceTree = "<group>"; };
		B6D2F4111A1AECF4009F37DB /* Assignment5Tests.swift */ = {isa = PBXFileReference; lastKnownFileType = sourcecode.swift; path = Assignment5Tests.swift; sourceTree = "<group>"; };
		B6D2F41B1A1AEDA8009F37DB /* TabBarViewController.swift */ = {isa = PBXFileReference; fileEncoding = 4; lastKnownFileType = sourcecode.swift; path = TabBarViewController.swift; sourceTree = "<group>"; };
		B6D2F41D1A1AF00D009F37DB /* HomeViewController.swift */ = {isa = PBXFileReference; fileEncoding = 4; lastKnownFileType = sourcecode.swift; path = HomeViewController.swift; sourceTree = "<group>"; };
		B6D2F41F1A1AF014009F37DB /* SearchViewController.swift */ = {isa = PBXFileReference; fileEncoding = 4; lastKnownFileType = sourcecode.swift; path = SearchViewController.swift; sourceTree = "<group>"; };
		B6D2F4211A1AF01D009F37DB /* AccountViewController.swift */ = {isa = PBXFileReference; fileEncoding = 4; lastKnownFileType = sourcecode.swift; path = AccountViewController.swift; sourceTree = "<group>"; };
		B6D2F4231A1AF025009F37DB /* TrendingViewController.swift */ = {isa = PBXFileReference; fileEncoding = 4; lastKnownFileType = sourcecode.swift; path = TrendingViewController.swift; sourceTree = "<group>"; };
		B6D2F4251A1B03FE009F37DB /* ComposeViewController.swift */ = {isa = PBXFileReference; fileEncoding = 4; lastKnownFileType = sourcecode.swift; path = ComposeViewController.swift; sourceTree = "<group>"; };
/* End PBXFileReference section */

/* Begin PBXFrameworksBuildPhase section */
		B6D2F3F31A1AECF4009F37DB /* Frameworks */ = {
			isa = PBXFrameworksBuildPhase;
			buildActionMask = 2147483647;
			files = (
			);
			runOnlyForDeploymentPostprocessing = 0;
		};
		B6D2F4081A1AECF4009F37DB /* Frameworks */ = {
			isa = PBXFrameworksBuildPhase;
			buildActionMask = 2147483647;
			files = (
			);
			runOnlyForDeploymentPostprocessing = 0;
		};
/* End PBXFrameworksBuildPhase section */

/* Begin PBXGroup section */
		B6D2F3ED1A1AECF4009F37DB = {
			isa = PBXGroup;
			children = (
				B6D2F3F81A1AECF4009F37DB /* Assignment5 */,
				B6D2F40E1A1AECF4009F37DB /* Assignment5Tests */,
				B6D2F3F71A1AECF4009F37DB /* Products */,
			);
			sourceTree = "<group>";
		};
		B6D2F3F71A1AECF4009F37DB /* Products */ = {
			isa = PBXGroup;
			children = (
				B6D2F3F61A1AECF4009F37DB /* Assignment5.app */,
				B6D2F40B1A1AECF4009F37DB /* Assignment5Tests.xctest */,
			);
			name = Products;
			sourceTree = "<group>";
		};
		B6D2F3F81A1AECF4009F37DB /* Assignment5 */ = {
			isa = PBXGroup;
			children = (
				B6D2F3FB1A1AECF4009F37DB /* AppDelegate.swift */,
				B6D2F3FD1A1AECF4009F37DB /* ViewController.swift */,
				B6D2F3FF1A1AECF4009F37DB /* Main.storyboard */,
				B6D2F4021A1AECF4009F37DB /* Images.xcassets */,
				B6D2F4041A1AECF4009F37DB /* LaunchScreen.xib */,
				B6D2F3F91A1AECF4009F37DB /* Supporting Files */,
				B6D2F41B1A1AEDA8009F37DB /* TabBarViewController.swift */,
				B6D2F41D1A1AF00D009F37DB /* HomeViewController.swift */,
				B6D2F41F1A1AF014009F37DB /* SearchViewController.swift */,
				B6D2F4211A1AF01D009F37DB /* AccountViewController.swift */,
				B6D2F4231A1AF025009F37DB /* TrendingViewController.swift */,
				B6D2F4251A1B03FE009F37DB /* ComposeViewController.swift */,
			);
			path = Assignment5;
			sourceTree = "<group>";
		};
		B6D2F3F91A1AECF4009F37DB /* Supporting Files */ = {
			isa = PBXGroup;
			children = (
				B6D2F3FA1A1AECF4009F37DB /* Info.plist */,
			);
			name = "Supporting Files";
			sourceTree = "<group>";
		};
		B6D2F40E1A1AECF4009F37DB /* Assignment5Tests */ = {
			isa = PBXGroup;
			children = (
				B6D2F4111A1AECF4009F37DB /* Assignment5Tests.swift */,
				B6D2F40F1A1AECF4009F37DB /* Supporting Files */,
			);
			path = Assignment5Tests;
			sourceTree = "<group>";
		};
		B6D2F40F1A1AECF4009F37DB /* Supporting Files */ = {
			isa = PBXGroup;
			children = (
				B6D2F4101A1AECF4009F37DB /* Info.plist */,
			);
			name = "Supporting Files";
			sourceTree = "<group>";
		};
/* End PBXGroup section */

/* Begin PBXNativeTarget section */
		B6D2F3F51A1AECF4009F37DB /* Assignment5 */ = {
			isa = PBXNativeTarget;
			buildConfigurationList = B6D2F4151A1AECF4009F37DB /* Build configuration list for PBXNativeTarget "Assignment5" */;
			buildPhases = (
				B6D2F3F21A1AECF4009F37DB /* Sources */,
				B6D2F3F31A1AECF4009F37DB /* Frameworks */,
				B6D2F3F41A1AECF4009F37DB /* Resources */,
			);
			buildRules = (
			);
			dependencies = (
			);
			name = Assignment5;
			productName = Assignment5;
			productReference = B6D2F3F61A1AECF4009F37DB /* Assignment5.app */;
			productType = "com.apple.product-type.application";
		};
		B6D2F40A1A1AECF4009F37DB /* Assignment5Tests */ = {
			isa = PBXNativeTarget;
			buildConfigurationList = B6D2F4181A1AECF4009F37DB /* Build configuration list for PBXNativeTarget "Assignment5Tests" */;
			buildPhases = (
				B6D2F4071A1AECF4009F37DB /* Sources */,
				B6D2F4081A1AECF4009F37DB /* Frameworks */,
				B6D2F4091A1AECF4009F37DB /* Resources */,
			);
			buildRules = (
			);
			dependencies = (
				B6D2F40D1A1AECF4009F37DB /* PBXTargetDependency */,
			);
			name = Assignment5Tests;
			productName = Assignment5Tests;
			productReference = B6D2F40B1A1AECF4009F37DB /* Assignment5Tests.xctest */;
			productType = "com.apple.product-type.bundle.unit-test";
		};
/* End PBXNativeTarget section */

/* Begin PBXProject section */
		B6D2F3EE1A1AECF4009F37DB /* Project object */ = {
			isa = PBXProject;
			attributes = {
				LastUpgradeCheck = 0610;
				ORGANIZATIONNAME = cemre;
				TargetAttributes = {
					B6D2F3F51A1AECF4009F37DB = {
						CreatedOnToolsVersion = 6.1;
					};
					B6D2F40A1A1AECF4009F37DB = {
						CreatedOnToolsVersion = 6.1;
						TestTargetID = B6D2F3F51A1AECF4009F37DB;
					};
				};
			};
			buildConfigurationList = B6D2F3F11A1AECF4009F37DB /* Build configuration list for PBXProject "Assignment5" */;
			compatibilityVersion = "Xcode 3.2";
			developmentRegion = English;
			hasScannedForEncodings = 0;
			knownRegions = (
				en,
				Base,
			);
			mainGroup = B6D2F3ED1A1AECF4009F37DB;
			productRefGroup = B6D2F3F71A1AECF4009F37DB /* Products */;
			projectDirPath = "";
			projectRoot = "";
			targets = (
				B6D2F3F51A1AECF4009F37DB /* Assignment5 */,
				B6D2F40A1A1AECF4009F37DB /* Assignment5Tests */,
			);
		};
/* End PBXProject section */

/* Begin PBXResourcesBuildPhase section */
		B6D2F3F41A1AECF4009F37DB /* Resources */ = {
			isa = PBXResourcesBuildPhase;
			buildActionMask = 2147483647;
			files = (
				B6D2F4011A1AECF4009F37DB /* Main.storyboard in Resources */,
				B6D2F4061A1AECF4009F37DB /* LaunchScreen.xib in Resources */,
				B6D2F4031A1AECF4009F37DB /* Images.xcassets in Resources */,
			);
			runOnlyForDeploymentPostprocessing = 0;
		};
		B6D2F4091A1AECF4009F37DB /* Resources */ = {
			isa = PBXResourcesBuildPhase;
			buildActionMask = 2147483647;
			files = (
			);
			runOnlyForDeploymentPostprocessing = 0;
		};
/* End PBXResourcesBuildPhase section */

/* Begin PBXSourcesBuildPhase section */
		B6D2F3F21A1AECF4009F37DB /* Sources */ = {
			isa = PBXSourcesBuildPhase;
			buildActionMask = 2147483647;
			files = (
				B6D2F4241A1AF025009F37DB /* TrendingViewController.swift in Sources */,
				B6D2F4201A1AF014009F37DB /* SearchViewController.swift in Sources */,
				B6D2F3FE1A1AECF4009F37DB /* ViewController.swift in Sources */,
				B6D2F4261A1B03FE009F37DB /* ComposeViewController.swift in Sources */,
				B6D2F4221A1AF01D009F37DB /* AccountViewController.swift in Sources */,
				B6D2F41C1A1AEDA8009F37DB /* TabBarViewController.swift in Sources */,
				B6D2F3FC1A1AECF4009F37DB /* AppDelegate.swift in Sources */,
				B6D2F41E1A1AF00D009F37DB /* HomeViewController.swift in Sources */,
			);
			runOnlyForDeploymentPostprocessing = 0;
		};
		B6D2F4071A1AECF4009F37DB /* Sources */ = {
			isa = PBXSourcesBuildPhase;
			buildActionMask = 2147483647;
			files = (
				B6D2F4121A1AECF4009F37DB /* Assignment5Tests.swift in Sources */,
			);
			runOnlyForDeploymentPostprocessing = 0;
		};
/* End PBXSourcesBuildPhase section */

/* Begin PBXTargetDependency section */
		B6D2F40D1A1AECF4009F37DB /* PBXTargetDependency */ = {
			isa = PBXTargetDependency;
			target = B6D2F3F51A1AECF4009F37DB /* Assignment5 */;
			targetProxy = B6D2F40C1A1AECF4009F37DB /* PBXContainerItemProxy */;
		};
/* End PBXTargetDependency section */

/* Begin PBXVariantGroup section */
		B6D2F3FF1A1AECF4009F37DB /* Main.storyboard */ = {
			isa = PBXVariantGroup;
			children = (
				B6D2F4001A1AECF4009F37DB /* Base */,
			);
			name = Main.storyboard;
			sourceTree = "<group>";
		};
		B6D2F4041A1AECF4009F37DB /* LaunchScreen.xib */ = {
			isa = PBXVariantGroup;
			children = (
				B6D2F4051A1AECF4009F37DB /* Base */,
			);
			name = LaunchScreen.xib;
			sourceTree = "<group>";
		};
/* End PBXVariantGroup section */

/* Begin XCBuildConfiguration section */
		B6D2F4131A1AECF4009F37DB /* Debug */ = {
			isa = XCBuildConfiguration;
			buildSettings = {
				ALWAYS_SEARCH_USER_PATHS = NO;
				CLANG_CXX_LANGUAGE_STANDARD = "gnu++0x";
				CLANG_CXX_LIBRARY = "libc++";
				CLANG_ENABLE_MODULES = YES;
				CLANG_ENABLE_OBJC_ARC = YES;
				CLANG_WARN_BOOL_CONVERSION = YES;
				CLANG_WARN_CONSTANT_CONVERSION = YES;
				CLANG_WARN_DIRECT_OBJC_ISA_USAGE = YES_ERROR;
				CLANG_WARN_EMPTY_BODY = YES;
				CLANG_WARN_ENUM_CONVERSION = YES;
				CLANG_WARN_INT_CONVERSION = YES;
				CLANG_WARN_OBJC_ROOT_CLASS = YES_ERROR;
				CLANG_WARN_UNREACHABLE_CODE = YES;
				CLANG_WARN__DUPLICATE_METHOD_MATCH = YES;
				"CODE_SIGN_IDENTITY[sdk=iphoneos*]" = "iPhone Developer";
				COPY_PHASE_STRIP = NO;
				ENABLE_STRICT_OBJC_MSGSEND = YES;
				GCC_C_LANGUAGE_STANDARD = gnu99;
				GCC_DYNAMIC_NO_PIC = NO;
				GCC_OPTIMIZATION_LEVEL = 0;
				GCC_PREPROCESSOR_DEFINITIONS = (
					"DEBUG=1",
					"$(inherited)",
				);
				GCC_SYMBOLS_PRIVATE_EXTERN = NO;
				GCC_WARN_64_TO_32_BIT_CONVERSION = YES;
				GCC_WARN_ABOUT_RETURN_TYPE = YES_ERROR;
				GCC_WARN_UNDECLARED_SELECTOR = YES;
				GCC_WARN_UNINITIALIZED_AUTOS = YES_AGGRESSIVE;
				GCC_WARN_UNUSED_FUNCTION = YES;
				GCC_WARN_UNUSED_VARIABLE = YES;
				IPHONEOS_DEPLOYMENT_TARGET = 8.1;
				MTL_ENABLE_DEBUG_INFO = YES;
				ONLY_ACTIVE_ARCH = YES;
				SDKROOT = iphoneos;
				SWIFT_OPTIMIZATION_LEVEL = "-Onone";
			};
			name = Debug;
		};
		B6D2F4141A1AECF4009F37DB /* Release */ = {
			isa = XCBuildConfiguration;
			buildSettings = {
				ALWAYS_SEARCH_USER_PATHS = NO;
				CLANG_CXX_LANGUAGE_STANDARD = "gnu++0x";
				CLANG_CXX_LIBRARY = "libc++";
				CLANG_ENABLE_MODULES = YES;
				CLANG_ENABLE_OBJC_ARC = YES;
				CLANG_WARN_BOOL_CONVERSION = YES;
				CLANG_WARN_CONSTANT_CONVERSION = YES;
				CLANG_WARN_DIRECT_OBJC_ISA_USAGE = YES_ERROR;
				CLANG_WARN_EMPTY_BODY = YES;
				CLANG_WARN_ENUM_CONVERSION = YES;
				CLANG_WARN_INT_CONVERSION = YES;
				CLANG_WARN_OBJC_ROOT_CLASS = YES_ERROR;
				CLANG_WARN_UNREACHABLE_CODE = YES;
				CLANG_WARN__DUPLICATE_METHOD_MATCH = YES;
				"CODE_SIGN_IDENTITY[sdk=iphoneos*]" = "iPhone Developer";
				COPY_PHASE_STRIP = YES;
				ENABLE_NS_ASSERTIONS = NO;
				ENABLE_STRICT_OBJC_MSGSEND = YES;
				GCC_C_LANGUAGE_STANDARD = gnu99;
				GCC_WARN_64_TO_32_BIT_CONVERSION = YES;
				GCC_WARN_ABOUT_RETURN_TYPE = YES_ERROR;
				GCC_WARN_UNDECLARED_SELECTOR = YES;
				GCC_WARN_UNINITIALIZED_AUTOS = YES_AGGRESSIVE;
				GCC_WARN_UNUSED_FUNCTION = YES;
				GCC_WARN_UNUSED_VARIABLE = YES;
				IPHONEOS_DEPLOYMENT_TARGET = 8.1;
				MTL_ENABLE_DEBUG_INFO = NO;
				SDKROOT = iphoneos;
				VALIDATE_PRODUCT = YES;
			};
			name = Release;
		};
		B6D2F4161A1AECF4009F37DB /* Debug */ = {
			isa = XCBuildConfiguration;
			buildSettings = {
				ASSETCATALOG_COMPILER_APPICON_NAME = AppIcon;
				INFOPLIST_FILE = Assignment5/Info.plist;
				LD_RUNPATH_SEARCH_PATHS = "$(inherited) @executable_path/Frameworks";
				PRODUCT_NAME = "$(TARGET_NAME)";
			};
			name = Debug;
		};
		B6D2F4171A1AECF4009F37DB /* Release */ = {
			isa = XCBuildConfiguration;
			buildSettings = {
				ASSETCATALOG_COMPILER_APPICON_NAME = AppIcon;
				INFOPLIST_FILE = Assignment5/Info.plist;
				LD_RUNPATH_SEARCH_PATHS = "$(inherited) @executable_path/Frameworks";
				PRODUCT_NAME = "$(TARGET_NAME)";
			};
			name = Release;
		};
		B6D2F4191A1AECF4009F37DB /* Debug */ = {
			isa = XCBuildConfiguration;
			buildSettings = {
				BUNDLE_LOADER = "$(TEST_HOST)";
				FRAMEWORK_SEARCH_PATHS = (
					"$(SDKROOT)/Developer/Library/Frameworks",
					"$(inherited)",
				);
				GCC_PREPROCESSOR_DEFINITIONS = (
					"DEBUG=1",
					"$(inherited)",
				);
				INFOPLIST_FILE = Assignment5Tests/Info.plist;
				LD_RUNPATH_SEARCH_PATHS = "$(inherited) @executable_path/Frameworks @loader_path/Frameworks";
				PRODUCT_NAME = "$(TARGET_NAME)";
				TEST_HOST = "$(BUILT_PRODUCTS_DIR)/Assignment5.app/Assignment5";
			};
			name = Debug;
		};
		B6D2F41A1A1AECF4009F37DB /* Release */ = {
			isa = XCBuildConfiguration;
			buildSettings = {
				BUNDLE_LOADER = "$(TEST_HOST)";
				FRAMEWORK_SEARCH_PATHS = (
					"$(SDKROOT)/Developer/Library/Frameworks",
					"$(inherited)",
				);
				INFOPLIST_FILE = Assignment5Tests/Info.plist;
				LD_RUNPATH_SEARCH_PATHS = "$(inherited) @executable_path/Frameworks @loader_path/Frameworks";
				PRODUCT_NAME = "$(TARGET_NAME)";
				TEST_HOST = "$(BUILT_PRODUCTS_DIR)/Assignment5.app/Assignment5";
			};
			name = Release;
		};
/* End XCBuildConfiguration section */

/* Begin XCConfigurationList section */
		B6D2F3F11A1AECF4009F37DB /* Build configuration list for PBXProject "Assignment5" */ = {
			isa = XCConfigurationList;
			buildConfigurations = (
				B6D2F4131A1AECF4009F37DB /* Debug */,
				B6D2F4141A1AECF4009F37DB /* Release */,
			);
			defaultConfigurationIsVisible = 0;
			defaultConfigurationName = Release;
		};
		B6D2F4151A1AECF4009F37DB /* Build configuration list for PBXNativeTarget "Assignment5" */ = {
			isa = XCConfigurationList;
			buildConfigurations = (
				B6D2F4161A1AECF4009F37DB /* Debug */,
				B6D2F4171A1AECF4009F37DB /* Release */,
			);
			defaultConfigurationIsVisible = 0;
		};
		B6D2F4181A1AECF4009F37DB /* Build configuration list for PBXNativeTarget "Assignment5Tests" */ = {
			isa = XCConfigurationList;
			buildConfigurations = (
				B6D2F4191A1AECF4009F37DB /* Debug */,
				B6D2F41A1A1AECF4009F37DB /* Release */,
			);
			defaultConfigurationIsVisible = 0;
		};
/* End XCConfigurationList section */
	};
	rootObject = B6D2F3EE1A1AECF4009F37DB /* Project object */;
}
